# This file is automatically @generated by Cargo.
# It is not intended for manual editing.
version = 4

[[package]]
name = "ulpf"
version = "0.1.0"
dependencies = [
 "ulpf-normalize",
 "ulpf-parse",
 "ulpf-store",
 "ulpf-time",
]

[[package]]
name = "ulpf-normalize"
version = "0.1.0"

[[package]]
name = "ulpf-parse"
version = "0.1.0"

[[package]]
name = "ulpf-store"
version = "0.1.0"

[[package]]
name = "ulpf-time"
version = "0.1.0"
